// !$*UTF8*$!
{
	archiveVersion = 1;
	classes = {
	};
	objectVersion = 56;
	objects = {

/* Begin PBXBuildFile section */
		58045C822ABC8EC30004189E /* MainView.swift in Sources */ = {isa = PBXBuildFile; fileRef = 58045C812ABC8EC30004189E /* MainView.swift */; };
		5850ED882ABC507300B53627 /* PingPongApp.swift in Sources */ = {isa = PBXBuildFile; fileRef = 5850ED872ABC507300B53627 /* PingPongApp.swift */; };
		5850ED8A2ABC507300B53627 /* ContentView.swift in Sources */ = {isa = PBXBuildFile; fileRef = 5850ED892ABC507300B53627 /* ContentView.swift */; };
		5850ED8C2ABC507500B53627 /* Assets.xcassets in Resources */ = {isa = PBXBuildFile; fileRef = 5850ED8B2ABC507500B53627 /* Assets.xcassets */; };
		5850ED8F2ABC507500B53627 /* Preview Assets.xcassets in Resources */ = {isa = PBXBuildFile; fileRef = 5850ED8E2ABC507500B53627 /* Preview Assets.xcassets */; };
		5862A2162ACD7208005A9720 /* CGVectorExtensions.swift in Sources */ = {isa = PBXBuildFile; fileRef = 5862A2132ACD7208005A9720 /* CGVectorExtensions.swift */; };
		5862A2172ACD7208005A9720 /* CGExtensions.swift in Sources */ = {isa = PBXBuildFile; fileRef = 5862A2142ACD7208005A9720 /* CGExtensions.swift */; };
		5862A2182ACD7208005A9720 /* CGPointExtensions.swift in Sources */ = {isa = PBXBuildFile; fileRef = 5862A2152ACD7208005A9720 /* CGPointExtensions.swift */; };
		5865BAFC2ABC6D8200B76776 /* SKPhysicsBodyExtension.swift in Sources */ = {isa = PBXBuildFile; fileRef = 5865BAFB2ABC6D8200B76776 /* SKPhysicsBodyExtension.swift */; };
		5865BAFE2ABC6F3600B76776 /* GameScene.swift in Sources */ = {isa = PBXBuildFile; fileRef = 5865BAFD2ABC6F3600B76776 /* GameScene.swift */; };
		58F53EEE2AD02D9C00F12D7B /* LevelConfig.swift in Sources */ = {isa = PBXBuildFile; fileRef = 58F53EED2AD02D9C00F12D7B /* LevelConfig.swift */; };
		58F53EF12AD02E0F00F12D7B /* GameConfiguration.swift in Sources */ = {isa = PBXBuildFile; fileRef = 58F53EF02AD02E0F00F12D7B /* GameConfiguration.swift */; };
		58F53EF42AD02E4F00F12D7B /* ContactType.swift in Sources */ = {isa = PBXBuildFile; fileRef = 58F53EF32AD02E4F00F12D7B /* ContactType.swift */; };
		58F53EF62AD02E8900F12D7B /* BitMask.swift in Sources */ = {isa = PBXBuildFile; fileRef = 58F53EF52AD02E8900F12D7B /* BitMask.swift */; };
/* End PBXBuildFile section */

/* Begin PBXFileReference section */
		58045C812ABC8EC30004189E /* MainView.swift */ = {isa = PBXFileReference; lastKnownFileType = sourcecode.swift; path = MainView.swift; sourceTree = "<group>"; };
		5850ED842ABC507300B53627 /* PingPong.app */ = {isa = PBXFileReference; explicitFileType = wrapper.application; includeInIndex = 0; path = PingPong.app; sourceTree = BUILT_PRODUCTS_DIR; };
		5850ED872ABC507300B53627 /* PingPongApp.swift */ = {isa = PBXFileReference; lastKnownFileType = sourcecode.swift; path = PingPongApp.swift; sourceTree = "<group>"; };
		5850ED892ABC507300B53627 /* ContentView.swift */ = {isa = PBXFileReference; lastKnownFileType = sourcecode.swift; path = ContentView.swift; sourceTree = "<group>"; };
		5850ED8B2ABC507500B53627 /* Assets.xcassets */ = {isa = PBXFileReference; lastKnownFileType = folder.assetcatalog; path = Assets.xcassets; sourceTree = "<group>"; };
		5850ED8E2ABC507500B53627 /* Preview Assets.xcassets */ = {isa = PBXFileReference; lastKnownFileType = folder.assetcatalog; path = "Preview Assets.xcassets"; sourceTree = "<group>"; };
		5862A2132ACD7208005A9720 /* CGVectorExtensions.swift */ = {isa = PBXFileReference; fileEncoding = 4; lastKnownFileType = sourcecode.swift; path = CGVectorExtensions.swift; sourceTree = "<group>"; };
		5862A2142ACD7208005A9720 /* CGExtensions.swift */ = {isa = PBXFileReference; fileEncoding = 4; lastKnownFileType = sourcecode.swift; path = CGExtensions.swift; sourceTree = "<group>"; };
		5862A2152ACD7208005A9720 /* CGPointExtensions.swift */ = {isa = PBXFileReference; fileEncoding = 4; lastKnownFileType = sourcecode.swift; path = CGPointExtensions.swift; sourceTree = "<group>"; };
		5865BAFB2ABC6D8200B76776 /* SKPhysicsBodyExtension.swift */ = {isa = PBXFileReference; lastKnownFileType = sourcecode.swift; path = SKPhysicsBodyExtension.swift; sourceTree = "<group>"; };
		5865BAFD2ABC6F3600B76776 /* GameScene.swift */ = {isa = PBXFileReference; lastKnownFileType = sourcecode.swift; path = GameScene.swift; sourceTree = "<group>"; };
		58F53EED2AD02D9C00F12D7B /* LevelConfig.swift */ = {isa = PBXFileReference; lastKnownFileType = sourcecode.swift; path = LevelConfig.swift; sourceTree = "<group>"; };
		58F53EF02AD02E0F00F12D7B /* GameConfiguration.swift */ = {isa = PBXFileReference; lastKnownFileType = sourcecode.swift; path = GameConfiguration.swift; sourceTree = "<group>"; };
		58F53EF32AD02E4F00F12D7B /* ContactType.swift */ = {isa = PBXFileReference; lastKnownFileType = sourcecode.swift; path = ContactType.swift; sourceTree = "<group>"; };
		58F53EF52AD02E8900F12D7B /* BitMask.swift */ = {isa = PBXFileReference; lastKnownFileType = sourcecode.swift; path = BitMask.swift; sourceTree = "<group>"; };
/* End PBXFileReference section */

/* Begin PBXFrameworksBuildPhase section */
		5850ED812ABC507300B53627 /* Frameworks */ = {
			isa = PBXFrameworksBuildPhase;
			buildActionMask = 2147483647;
			files = (
			);
			runOnlyForDeploymentPostprocessing = 0;
		};
/* End PBXFrameworksBuildPhase section */

/* Begin PBXGroup section */
		58045C7E2ABC8D0B0004189E /* Views */ = {
			isa = PBXGroup;
			children = (
				5850ED892ABC507300B53627 /* ContentView.swift */,
				58045C812ABC8EC30004189E /* MainView.swift */,
			);
			path = Views;
			sourceTree = "<group>";
		};
		5850ED7B2ABC507300B53627 = {
			isa = PBXGroup;
			children = (
				5850ED862ABC507300B53627 /* PingPong */,
				5850ED852ABC507300B53627 /* Products */,
			);
			sourceTree = "<group>";
		};
		5850ED852ABC507300B53627 /* Products */ = {
			isa = PBXGroup;
			children = (
				5850ED842ABC507300B53627 /* PingPong.app */,
			);
			name = Products;
			sourceTree = "<group>";
		};
		5850ED862ABC507300B53627 /* PingPong */ = {
			isa = PBXGroup;
			children = (
				58F53EF22AD02E4300F12D7B /* Enums */,
				58F53EEF2AD02E0000F12D7B /* Model */,
				58045C7E2ABC8D0B0004189E /* Views */,
				5865BAFA2ABC6D6700B76776 /* Extensions */,
				5850ED872ABC507300B53627 /* PingPongApp.swift */,
				5850ED8B2ABC507500B53627 /* Assets.xcassets */,
				5850ED8D2ABC507500B53627 /* Preview Content */,
				5865BAFD2ABC6F3600B76776 /* GameScene.swift */,
				58F53EED2AD02D9C00F12D7B /* LevelConfig.swift */,
			);
			path = PingPong;
			sourceTree = "<group>";
		};
		5850ED8D2ABC507500B53627 /* Preview Content */ = {
			isa = PBXGroup;
			children = (
				5850ED8E2ABC507500B53627 /* Preview Assets.xcassets */,
			);
			path = "Preview Content";
			sourceTree = "<group>";
		};
		5865BAFA2ABC6D6700B76776 /* Extensions */ = {
			isa = PBXGroup;
			children = (
				5862A2142ACD7208005A9720 /* CGExtensions.swift */,
				5862A2152ACD7208005A9720 /* CGPointExtensions.swift */,
				5862A2132ACD7208005A9720 /* CGVectorExtensions.swift */,
				5865BAFB2ABC6D8200B76776 /* SKPhysicsBodyExtension.swift */,
			);
			path = Extensions;
			sourceTree = "<group>";
		};
		58F53EEF2AD02E0000F12D7B /* Model */ = {
			isa = PBXGroup;
			children = (
				58F53EF02AD02E0F00F12D7B /* GameConfiguration.swift */,
			);
			path = Model;
			sourceTree = "<group>";
		};
		58F53EF22AD02E4300F12D7B /* Enums */ = {
			isa = PBXGroup;
			children = (
				58F53EF32AD02E4F00F12D7B /* ContactType.swift */,
				58F53EF52AD02E8900F12D7B /* BitMask.swift */,
			);
			path = Enums;
			sourceTree = "<group>";
		};
/* End PBXGroup section */

/* Begin PBXNativeTarget section */
		5850ED832ABC507300B53627 /* PingPong */ = {
			isa = PBXNativeTarget;
			buildConfigurationList = 5850ED922ABC507500B53627 /* Build configuration list for PBXNativeTarget "PingPong" */;
			buildPhases = (
				5850ED802ABC507300B53627 /* Sources */,
				5850ED812ABC507300B53627 /* Frameworks */,
				5850ED822ABC507300B53627 /* Resources */,
			);
			buildRules = (
			);
			dependencies = (
			);
			name = PingPong;
			productName = PingPong;
			productReference = 5850ED842ABC507300B53627 /* PingPong.app */;
			productType = "com.apple.product-type.application";
		};
/* End PBXNativeTarget section */

/* Begin PBXProject section */
		5850ED7C2ABC507300B53627 /* Project object */ = {
			isa = PBXProject;
			attributes = {
				BuildIndependentTargetsInParallel = 1;
				LastSwiftUpdateCheck = 1430;
				LastUpgradeCheck = 1430;
				TargetAttributes = {
					5850ED832ABC507300B53627 = {
						CreatedOnToolsVersion = 14.3.1;
					};
				};
			};
			buildConfigurationList = 5850ED7F2ABC507300B53627 /* Build configuration list for PBXProject "PingPong" */;
			compatibilityVersion = "Xcode 14.0";
			developmentRegion = en;
			hasScannedForEncodings = 0;
			knownRegions = (
				en,
				Base,
			);
			mainGroup = 5850ED7B2ABC507300B53627;
			productRefGroup = 5850ED852ABC507300B53627 /* Products */;
			projectDirPath = "";
			projectRoot = "";
			targets = (
				5850ED832ABC507300B53627 /* PingPong */,
			);
		};
/* End PBXProject section */

/* Begin PBXResourcesBuildPhase section */
		5850ED822ABC507300B53627 /* Resources */ = {
			isa = PBXResourcesBuildPhase;
			buildActionMask = 2147483647;
			files = (
				5850ED8F2ABC507500B53627 /* Preview Assets.xcassets in Resources */,
				5850ED8C2ABC507500B53627 /* Assets.xcassets in Resources */,
			);
			runOnlyForDeploymentPostprocessing = 0;
		};
/* End PBXResourcesBuildPhase section */

/* Begin PBXSourcesBuildPhase section */
		5850ED802ABC507300B53627 /* Sources */ = {
			isa = PBXSourcesBuildPhase;
			buildActionMask = 2147483647;
			files = (
				5850ED8A2ABC507300B53627 /* ContentView.swift in Sources */,
				5865BAFC2ABC6D8200B76776 /* SKPhysicsBodyExtension.swift in Sources */,
				5862A2162ACD7208005A9720 /* CGVectorExtensions.swift in Sources */,
				58F53EF62AD02E8900F12D7B /* BitMask.swift in Sources */,
				5865BAFE2ABC6F3600B76776 /* GameScene.swift in Sources */,
				58045C822ABC8EC30004189E /* MainView.swift in Sources */,
				58F53EEE2AD02D9C00F12D7B /* LevelConfig.swift in Sources */,
				5862A2172ACD7208005A9720 /* CGExtensions.swift in Sources */,
				58F53EF42AD02E4F00F12D7B /* ContactType.swift in Sources */,
				5862A2182ACD7208005A9720 /* CGPointExtensions.swift in Sources */,
				58F53EF12AD02E0F00F12D7B /* GameConfiguration.swift in Sources */,
				5850ED882ABC507300B53627 /* PingPongApp.swift in Sources */,
			);
			runOnlyForDeploymentPostprocessing = 0;
		};
/* End PBXSourcesBuildPhase section */

/* Begin XCBuildConfiguration section */
		5850ED902ABC507500B53627 /* Debug */ = {
			isa = XCBuildConfiguration;
			buildSettings = {
				ALWAYS_SEARCH_USER_PATHS = NO;
				CLANG_ANALYZER_NONNULL = YES;
				CLANG_ANALYZER_NUMBER_OBJECT_CONVERSION = YES_AGGRESSIVE;
				CLANG_CXX_LANGUAGE_STANDARD = "gnu++20";
				CLANG_ENABLE_MODULES = YES;
				CLANG_ENABLE_OBJC_ARC = YES;
				CLANG_ENABLE_OBJC_WEAK = YES;
				CLANG_WARN_BLOCK_CAPTURE_AUTORELEASING = YES;
				CLANG_WARN_BOOL_CONVERSION = YES;
				CLANG_WARN_COMMA = YES;
				CLANG_WARN_CONSTANT_CONVERSION = YES;
				CLANG_WARN_DEPRECATED_OBJC_IMPLEMENTATIONS = YES;
				CLANG_WARN_DIRECT_OBJC_ISA_USAGE = YES_ERROR;
				CLANG_WARN_DOCUMENTATION_COMMENTS = YES;
				CLANG_WARN_EMPTY_BODY = YES;
				CLANG_WARN_ENUM_CONVERSION = YES;
				CLANG_WARN_INFINITE_RECURSION = YES;
				CLANG_WARN_INT_CONVERSION = YES;
				CLANG_WARN_NON_LITERAL_NULL_CONVERSION = YES;
				CLANG_WARN_OBJC_IMPLICIT_RETAIN_SELF = YES;
				CLANG_WARN_OBJC_LITERAL_CONVERSION = YES;
				CLANG_WARN_OBJC_ROOT_CLASS = YES_ERROR;
				CLANG_WARN_QUOTED_INCLUDE_IN_FRAMEWORK_HEADER = YES;
				CLANG_WARN_RANGE_LOOP_ANALYSIS = YES;
				CLANG_WARN_STRICT_PROTOTYPES = YES;
				CLANG_WARN_SUSPICIOUS_MOVE = YES;
				CLANG_WARN_UNGUARDED_AVAILABILITY = YES_AGGRESSIVE;
				CLANG_WARN_UNREACHABLE_CODE = YES;
				CLANG_WARN__DUPLICATE_METHOD_MATCH = YES;
				COPY_PHASE_STRIP = NO;
				DEBUG_INFORMATION_FORMAT = dwarf;
				ENABLE_STRICT_OBJC_MSGSEND = YES;
				ENABLE_TESTABILITY = YES;
				GCC_C_LANGUAGE_STANDARD = gnu11;
				GCC_DYNAMIC_NO_PIC = NO;
				GCC_NO_COMMON_BLOCKS = YES;
				GCC_OPTIMIZATION_LEVEL = 0;
				GCC_PREPROCESSOR_DEFINITIONS = (
					"DEBUG=1",
					"$(inherited)",
				);
				GCC_WARN_64_TO_32_BIT_CONVERSION = YES;
				GCC_WARN_ABOUT_RETURN_TYPE = YES_ERROR;
				GCC_WARN_UNDECLARED_SELECTOR = YES;
				GCC_WARN_UNINITIALIZED_AUTOS = YES_AGGRESSIVE;
				GCC_WARN_UNUSED_FUNCTION = YES;
				GCC_WARN_UNUSED_VARIABLE = YES;
				IPHONEOS_DEPLOYMENT_TARGET = 16.4;
				MTL_ENABLE_DEBUG_INFO = INCLUDE_SOURCE;
				MTL_FAST_MATH = YES;
				ONLY_ACTIVE_ARCH = YES;
				SDKROOT = iphoneos;
				SWIFT_ACTIVE_COMPILATION_CONDITIONS = DEBUG;
				SWIFT_OPTIMIZATION_LEVEL = "-Onone";
			};
			name = Debug;
		};
		5850ED912ABC507500B53627 /* Release */ = {
			isa = XCBuildConfiguration;
			buildSettings = {
				ALWAYS_SEARCH_USER_PATHS = NO;
				CLANG_ANALYZER_NONNULL = YES;
				CLANG_ANALYZER_NUMBER_OBJECT_CONVERSION = YES_AGGRESSIVE;
				CLANG_CXX_LANGUAGE_STANDARD = "gnu++20";
				CLANG_ENABLE_MODULES = YES;
				CLANG_ENABLE_OBJC_ARC = YES;
				CLANG_ENABLE_OBJC_WEAK = YES;
				CLANG_WARN_BLOCK_CAPTURE_AUTORELEASING = YES;
				CLANG_WARN_BOOL_CONVERSION = YES;
				CLANG_WARN_COMMA = YES;
				CLANG_WARN_CONSTANT_CONVERSION = YES;
				CLANG_WARN_DEPRECATED_OBJC_IMPLEMENTATIONS = YES;
				CLANG_WARN_DIRECT_OBJC_ISA_USAGE = YES_ERROR;
				CLANG_WARN_DOCUMENTATION_COMMENTS = YES;
				CLANG_WARN_EMPTY_BODY = YES;
				CLANG_WARN_ENUM_CONVERSION = YES;
				CLANG_WARN_INFINITE_RECURSION = YES;
				CLANG_WARN_INT_CONVERSION = YES;
				CLANG_WARN_NON_LITERAL_NULL_CONVERSION = YES;
				CLANG_WARN_OBJC_IMPLICIT_RETAIN_SELF = YES;
				CLANG_WARN_OBJC_LITERAL_CONVERSION = YES;
				CLANG_WARN_OBJC_ROOT_CLASS = YES_ERROR;
				CLANG_WARN_QUOTED_INCLUDE_IN_FRAMEWORK_HEADER = YES;
				CLANG_WARN_RANGE_LOOP_ANALYSIS = YES;
				CLANG_WARN_STRICT_PROTOTYPES = YES;
				CLANG_WARN_SUSPICIOUS_MOVE = YES;
				CLANG_WARN_UNGUARDED_AVAILABILITY = YES_AGGRESSIVE;
				CLANG_WARN_UNREACHABLE_CODE = YES;
				CLANG_WARN__DUPLICATE_METHOD_MATCH = YES;
				COPY_PHASE_STRIP = NO;
				DEBUG_INFORMATION_FORMAT = "dwarf-with-dsym";
				ENABLE_NS_ASSERTIONS = NO;
				ENABLE_STRICT_OBJC_MSGSEND = YES;
				GCC_C_LANGUAGE_STANDARD = gnu11;
				GCC_NO_COMMON_BLOCKS = YES;
				GCC_WARN_64_TO_32_BIT_CONVERSION = YES;
				GCC_WARN_ABOUT_RETURN_TYPE = YES_ERROR;
				GCC_WARN_UNDECLARED_SELECTOR = YES;
				GCC_WARN_UNINITIALIZED_AUTOS = YES_AGGRESSIVE;
				GCC_WARN_UNUSED_FUNCTION = YES;
				GCC_WARN_UNUSED_VARIABLE = YES;
				IPHONEOS_DEPLOYMENT_TARGET = 16.4;
				MTL_ENABLE_DEBUG_INFO = NO;
				MTL_FAST_MATH = YES;
				SDKROOT = iphoneos;
				SWIFT_COMPILATION_MODE = wholemodule;
				SWIFT_OPTIMIZATION_LEVEL = "-O";
				VALIDATE_PRODUCT = YES;
			};
			name = Release;
		};
		5850ED932ABC507500B53627 /* Debug */ = {
			isa = XCBuildConfiguration;
			buildSettings = {
				ASSETCATALOG_COMPILER_APPICON_NAME = AppIcon;
				ASSETCATALOG_COMPILER_GLOBAL_ACCENT_COLOR_NAME = AccentColor;
				CODE_SIGN_STYLE = Automatic;
				CURRENT_PROJECT_VERSION = 1;
				DEVELOPMENT_ASSET_PATHS = "\"PingPong/Preview Content\"";
				DEVELOPMENT_TEAM = LJT5NUTV34;
				ENABLE_PREVIEWS = YES;
				GENERATE_INFOPLIST_FILE = YES;
				INFOPLIST_KEY_UIApplicationSceneManifest_Generation = YES;
				INFOPLIST_KEY_UIApplicationSupportsIndirectInputEvents = YES;
				INFOPLIST_KEY_UILaunchScreen_Generation = YES;
				INFOPLIST_KEY_UISupportedInterfaceOrientations_iPad = "UIInterfaceOrientationPortrait UIInterfaceOrientationPortraitUpsideDown UIInterfaceOrientationLandscapeLeft UIInterfaceOrientationLandscapeRight";
				INFOPLIST_KEY_UISupportedInterfaceOrientations_iPhone = "UIInterfaceOrientationPortrait UIInterfaceOrientationLandscapeLeft UIInterfaceOrientationLandscapeRight";
				LD_RUNPATH_SEARCH_PATHS = (
					"$(inherited)",
					"@executable_path/Frameworks",
				);
				MARKETING_VERSION = 1.0;
				PRODUCT_BUNDLE_IDENTIFIER = com.mnats.PingPong;
				PRODUCT_NAME = "$(TARGET_NAME)";
				SWIFT_EMIT_LOC_STRINGS = YES;
				SWIFT_VERSION = 5.0;
				TARGETED_DEVICE_FAMILY = "1,2";
			};
			name = Debug;
		};
		5850ED942ABC507500B53627 /* Release */ = {
			isa = XCBuildConfiguration;
			buildSettings = {
				ASSETCATALOG_COMPILER_APPICON_NAME = AppIcon;
				ASSETCATALOG_COMPILER_GLOBAL_ACCENT_COLOR_NAME = AccentColor;
				CODE_SIGN_STYLE = Automatic;
				CURRENT_PROJECT_VERSION = 1;
				DEVELOPMENT_ASSET_PATHS = "\"PingPong/Preview Content\"";
				DEVELOPMENT_TEAM = LJT5NUTV34;
				ENABLE_PREVIEWS = YES;
				GENERATE_INFOPLIST_FILE = YES;
				INFOPLIST_KEY_UIApplicationSceneManifest_Generation = YES;
				INFOPLIST_KEY_UIApplicationSupportsIndirectInputEvents = YES;
				INFOPLIST_KEY_UILaunchScreen_Generation = YES;
				INFOPLIST_KEY_UISupportedInterfaceOrientations_iPad = "UIInterfaceOrientationPortrait UIInterfaceOrientationPortraitUpsideDown UIInterfaceOrientationLandscapeLeft UIInterfaceOrientationLandscapeRight";
				INFOPLIST_KEY_UISupportedInterfaceOrientations_iPhone = "UIInterfaceOrientationPortrait UIInterfaceOrientationLandscapeLeft UIInterfaceOrientationLandscapeRight";
				LD_RUNPATH_SEARCH_PATHS = (
					"$(inherited)",
					"@executable_path/Frameworks",
				);
				MARKETING_VERSION = 1.0;
				PRODUCT_BUNDLE_IDENTIFIER = com.mnats.PingPong;
				PRODUCT_NAME = "$(TARGET_NAME)";
				SWIFT_EMIT_LOC_STRINGS = YES;
				SWIFT_VERSION = 5.0;
				TARGETED_DEVICE_FAMILY = "1,2";
			};
			name = Release;
		};
/* End XCBuildConfiguration section */

/* Begin XCConfigurationList section */
		5850ED7F2ABC507300B53627 /* Build configuration list for PBXProject "PingPong" */ = {
			isa = XCConfigurationList;
			buildConfigurations = (
				5850ED902ABC507500B53627 /* Debug */,
				5850ED912ABC507500B53627 /* Release */,
			);
			defaultConfigurationIsVisible = 0;
			defaultConfigurationName = Release;
		};
		5850ED922ABC507500B53627 /* Build configuration list for PBXNativeTarget "PingPong" */ = {
			isa = XCConfigurationList;
			buildConfigurations = (
				5850ED932ABC507500B53627 /* Debug */,
				5850ED942ABC507500B53627 /* Release */,
			);
			defaultConfigurationIsVisible = 0;
			defaultConfigurationName = Release;
		};
/* End XCConfigurationList section */
	};
	rootObject = 5850ED7C2ABC507300B53627 /* Project object */;
}
