// !$*UTF8*$!
{
	archiveVersion = 1;
	classes = {
	};
	objectVersion = 56;
	objects = {

/* Begin PBXBuildFile section */
		58000E9E2AE7FD2C008621E3 /* HapticManager.swift in Sources */ = {isa = PBXBuildFile; fileRef = 58000E9D2AE7FD2C008621E3 /* HapticManager.swift */; };
		58000EA02AE92794008621E3 /* LevelsView.swift in Sources */ = {isa = PBXBuildFile; fileRef = 58000E9F2AE92794008621E3 /* LevelsView.swift */; };
		58000EA22AE928EC008621E3 /* SettingsView.swift in Sources */ = {isa = PBXBuildFile; fileRef = 58000EA12AE928EC008621E3 /* SettingsView.swift */; };
		58000EAB2AEFA4A4008621E3 /* DictionaryExtension.swift in Sources */ = {isa = PBXBuildFile; fileRef = 58000EAA2AEFA4A4008621E3 /* DictionaryExtension.swift */; };
		58045C822ABC8EC30004189E /* MainView.swift in Sources */ = {isa = PBXBuildFile; fileRef = 58045C812ABC8EC30004189E /* MainView.swift */; };
		581462082ADD9BBD00A943EA /* Position.swift in Sources */ = {isa = PBXBuildFile; fileRef = 581462072ADD9BBD00A943EA /* Position.swift */; };
		5814620A2ADD9BD900A943EA /* BallTexture.swift in Sources */ = {isa = PBXBuildFile; fileRef = 581462092ADD9BD900A943EA /* BallTexture.swift */; };
		5814620C2ADD9C0300A943EA /* PlatformTexture.swift in Sources */ = {isa = PBXBuildFile; fileRef = 5814620B2ADD9C0300A943EA /* PlatformTexture.swift */; };
		5814620E2ADD9C2300A943EA /* BoostType.swift in Sources */ = {isa = PBXBuildFile; fileRef = 5814620D2ADD9C2300A943EA /* BoostType.swift */; };
		581462102ADD9C6500A943EA /* ObstacleType.swift in Sources */ = {isa = PBXBuildFile; fileRef = 5814620F2ADD9C6500A943EA /* ObstacleType.swift */; };
		5850ED882ABC507300B53627 /* PingPongApp.swift in Sources */ = {isa = PBXBuildFile; fileRef = 5850ED872ABC507300B53627 /* PingPongApp.swift */; };
		5850ED8A2ABC507300B53627 /* ContentView.swift in Sources */ = {isa = PBXBuildFile; fileRef = 5850ED892ABC507300B53627 /* ContentView.swift */; };
		5850ED8C2ABC507500B53627 /* Assets.xcassets in Resources */ = {isa = PBXBuildFile; fileRef = 5850ED8B2ABC507500B53627 /* Assets.xcassets */; };
		5850ED8F2ABC507500B53627 /* Preview Assets.xcassets in Resources */ = {isa = PBXBuildFile; fileRef = 5850ED8E2ABC507500B53627 /* Preview Assets.xcassets */; };
		585E20412AEFBFF30045B021 /* LevelsViewModel.swift in Sources */ = {isa = PBXBuildFile; fileRef = 585E20402AEFBFF30045B021 /* LevelsViewModel.swift */; };
		5862A2162ACD7208005A9720 /* CGVectorExtensions.swift in Sources */ = {isa = PBXBuildFile; fileRef = 5862A2132ACD7208005A9720 /* CGVectorExtensions.swift */; };
		5862A2172ACD7208005A9720 /* CGExtensions.swift in Sources */ = {isa = PBXBuildFile; fileRef = 5862A2142ACD7208005A9720 /* CGExtensions.swift */; };
		5862A2182ACD7208005A9720 /* CGPointExtensions.swift in Sources */ = {isa = PBXBuildFile; fileRef = 5862A2152ACD7208005A9720 /* CGPointExtensions.swift */; };
		5865BAFC2ABC6D8200B76776 /* SKPhysicsBodyExtension.swift in Sources */ = {isa = PBXBuildFile; fileRef = 5865BAFB2ABC6D8200B76776 /* SKPhysicsBodyExtension.swift */; };
		5865BAFE2ABC6F3600B76776 /* GameScene.swift in Sources */ = {isa = PBXBuildFile; fileRef = 5865BAFD2ABC6F3600B76776 /* GameScene.swift */; };
		589B29722AF0FA590020F211 /* StoreSystem.swift in Sources */ = {isa = PBXBuildFile; fileRef = 589B29712AF0FA580020F211 /* StoreSystem.swift */; };
		589B29742AF101490020F211 /* StoreView.swift in Sources */ = {isa = PBXBuildFile; fileRef = 589B29732AF101490020F211 /* StoreView.swift */; };
		589B29782AF13A950020F211 /* ArrayExtension.swift in Sources */ = {isa = PBXBuildFile; fileRef = 589B29772AF13A950020F211 /* ArrayExtension.swift */; };
		589B297A2AF13AB40020F211 /* Skin.swift in Sources */ = {isa = PBXBuildFile; fileRef = 589B29792AF13AB40020F211 /* Skin.swift */; };
		58F53EEE2AD02D9C00F12D7B /* LevelConfig.swift in Sources */ = {isa = PBXBuildFile; fileRef = 58F53EED2AD02D9C00F12D7B /* LevelConfig.swift */; };
		58F53EF12AD02E0F00F12D7B /* GameConfiguration.swift in Sources */ = {isa = PBXBuildFile; fileRef = 58F53EF02AD02E0F00F12D7B /* GameConfiguration.swift */; };
		58F53EF42AD02E4F00F12D7B /* ContactType.swift in Sources */ = {isa = PBXBuildFile; fileRef = 58F53EF32AD02E4F00F12D7B /* ContactType.swift */; };
		58F53EF62AD02E8900F12D7B /* BitMask.swift in Sources */ = {isa = PBXBuildFile; fileRef = 58F53EF52AD02E8900F12D7B /* BitMask.swift */; };
		84201C042AFA43C800F1DA3C /* SkinStoreView.swift in Sources */ = {isa = PBXBuildFile; fileRef = 84201C032AFA43C800F1DA3C /* SkinStoreView.swift */; };
		8434FFDA2AFBB744000C9ECD /* NavRoutes.swift in Sources */ = {isa = PBXBuildFile; fileRef = 8434FFD92AFBB744000C9ECD /* NavRoutes.swift */; };
		8434FFDC2AFBC736000C9ECD /* ScreenTitle.swift in Sources */ = {isa = PBXBuildFile; fileRef = 8434FFDB2AFBC736000C9ECD /* ScreenTitle.swift */; };
		8434FFDE2AFBC92D000C9ECD /* CoinLabel.swift in Sources */ = {isa = PBXBuildFile; fileRef = 8434FFDD2AFBC92D000C9ECD /* CoinLabel.swift */; };
		8434FFE02AFBD3C1000C9ECD /* UserDeafaultsExtension.swift in Sources */ = {isa = PBXBuildFile; fileRef = 8434FFDF2AFBD3C1000C9ECD /* UserDeafaultsExtension.swift */; };
		8434FFE22AFBD66F000C9ECD /* StartView.swift in Sources */ = {isa = PBXBuildFile; fileRef = 8434FFE12AFBD66F000C9ECD /* StartView.swift */; };
		8434FFE42AFCE6C3000C9ECD /* ColorExtension.swift in Sources */ = {isa = PBXBuildFile; fileRef = 8434FFE32AFCE6C3000C9ECD /* ColorExtension.swift */; };
		8434FFE62AFD0F84000C9ECD /* PrivacyPolicyView.swift in Sources */ = {isa = PBXBuildFile; fileRef = 8434FFE52AFD0F84000C9ECD /* PrivacyPolicyView.swift */; };
		8434FFE82AFD0F9A000C9ECD /* AboutView.swift in Sources */ = {isa = PBXBuildFile; fileRef = 8434FFE72AFD0F9A000C9ECD /* AboutView.swift */; };
		8434FFEA2AFD1391000C9ECD /* BundleExtension.swift in Sources */ = {isa = PBXBuildFile; fileRef = 8434FFE92AFD1391000C9ECD /* BundleExtension.swift */; };
		84BD8F5E2AF3B83C00BFDCBC /* Purchasable.swift in Sources */ = {isa = PBXBuildFile; fileRef = 84BD8F5D2AF3B83C00BFDCBC /* Purchasable.swift */; };
		84BD8F602AF5003700BFDCBC /* FinishScene.swift in Sources */ = {isa = PBXBuildFile; fileRef = 84BD8F5F2AF5003700BFDCBC /* FinishScene.swift */; };
		84BD8F632AF50A3200BFDCBC /* HalvarBreit-Blk.ttf in Resources */ = {isa = PBXBuildFile; fileRef = 84BD8F622AF50A3200BFDCBC /* HalvarBreit-Blk.ttf */; };
		84BD8F662AF52EB300BFDCBC /* StrokeText.swift in Sources */ = {isa = PBXBuildFile; fileRef = 84BD8F652AF52EB300BFDCBC /* StrokeText.swift */; };
		84BD8F682AF53B2700BFDCBC /* BackgroundTexture.swift in Sources */ = {isa = PBXBuildFile; fileRef = 84BD8F672AF53B2700BFDCBC /* BackgroundTexture.swift */; };
		84BD8F6A2AF5447200BFDCBC /* PlatformStoreView.swift in Sources */ = {isa = PBXBuildFile; fileRef = 84BD8F692AF5447200BFDCBC /* PlatformStoreView.swift */; };
		84F2E4DE2AF26653004BEEB1 /* SkinCodable.swift in Sources */ = {isa = PBXBuildFile; fileRef = 84F2E4DD2AF26653004BEEB1 /* SkinCodable.swift */; };
		84F2E4E42AF26A90004BEEB1 /* BallStoreView.swift in Sources */ = {isa = PBXBuildFile; fileRef = 84F2E4E32AF26A90004BEEB1 /* BallStoreView.swift */; };
		84F2E4E62AF288A8004BEEB1 /* BackgroundStoreView.swift in Sources */ = {isa = PBXBuildFile; fileRef = 84F2E4E52AF288A8004BEEB1 /* BackgroundStoreView.swift */; };
/* End PBXBuildFile section */

/* Begin PBXFileReference section */
		58000E9D2AE7FD2C008621E3 /* HapticManager.swift */ = {isa = PBXFileReference; lastKnownFileType = sourcecode.swift; path = HapticManager.swift; sourceTree = "<group>"; };
		58000E9F2AE92794008621E3 /* LevelsView.swift */ = {isa = PBXFileReference; lastKnownFileType = sourcecode.swift; path = LevelsView.swift; sourceTree = "<group>"; };
		58000EA12AE928EC008621E3 /* SettingsView.swift */ = {isa = PBXFileReference; lastKnownFileType = sourcecode.swift; path = SettingsView.swift; sourceTree = "<group>"; };
		58000EAA2AEFA4A4008621E3 /* DictionaryExtension.swift */ = {isa = PBXFileReference; lastKnownFileType = sourcecode.swift; path = DictionaryExtension.swift; sourceTree = "<group>"; };
		58045C812ABC8EC30004189E /* MainView.swift */ = {isa = PBXFileReference; lastKnownFileType = sourcecode.swift; path = MainView.swift; sourceTree = "<group>"; };
		581462072ADD9BBD00A943EA /* Position.swift */ = {isa = PBXFileReference; lastKnownFileType = sourcecode.swift; path = Position.swift; sourceTree = "<group>"; };
		581462092ADD9BD900A943EA /* BallTexture.swift */ = {isa = PBXFileReference; lastKnownFileType = sourcecode.swift; path = BallTexture.swift; sourceTree = "<group>"; };
		5814620B2ADD9C0300A943EA /* PlatformTexture.swift */ = {isa = PBXFileReference; lastKnownFileType = sourcecode.swift; path = PlatformTexture.swift; sourceTree = "<group>"; };
		5814620D2ADD9C2300A943EA /* BoostType.swift */ = {isa = PBXFileReference; lastKnownFileType = sourcecode.swift; path = BoostType.swift; sourceTree = "<group>"; };
		5814620F2ADD9C6500A943EA /* ObstacleType.swift */ = {isa = PBXFileReference; lastKnownFileType = sourcecode.swift; path = ObstacleType.swift; sourceTree = "<group>"; };
		5850ED842ABC507300B53627 /* PingPong.app */ = {isa = PBXFileReference; explicitFileType = wrapper.application; includeInIndex = 0; path = PingPong.app; sourceTree = BUILT_PRODUCTS_DIR; };
		5850ED872ABC507300B53627 /* PingPongApp.swift */ = {isa = PBXFileReference; lastKnownFileType = sourcecode.swift; path = PingPongApp.swift; sourceTree = "<group>"; };
		5850ED892ABC507300B53627 /* ContentView.swift */ = {isa = PBXFileReference; lastKnownFileType = sourcecode.swift; path = ContentView.swift; sourceTree = "<group>"; };
		5850ED8B2ABC507500B53627 /* Assets.xcassets */ = {isa = PBXFileReference; lastKnownFileType = folder.assetcatalog; path = Assets.xcassets; sourceTree = "<group>"; };
		5850ED8E2ABC507500B53627 /* Preview Assets.xcassets */ = {isa = PBXFileReference; lastKnownFileType = folder.assetcatalog; path = "Preview Assets.xcassets"; sourceTree = "<group>"; };
		585E20402AEFBFF30045B021 /* LevelsViewModel.swift */ = {isa = PBXFileReference; lastKnownFileType = sourcecode.swift; path = LevelsViewModel.swift; sourceTree = "<group>"; };
		5862A2132ACD7208005A9720 /* CGVectorExtensions.swift */ = {isa = PBXFileReference; fileEncoding = 4; lastKnownFileType = sourcecode.swift; path = CGVectorExtensions.swift; sourceTree = "<group>"; };
		5862A2142ACD7208005A9720 /* CGExtensions.swift */ = {isa = PBXFileReference; fileEncoding = 4; lastKnownFileType = sourcecode.swift; path = CGExtensions.swift; sourceTree = "<group>"; };
		5862A2152ACD7208005A9720 /* CGPointExtensions.swift */ = {isa = PBXFileReference; fileEncoding = 4; lastKnownFileType = sourcecode.swift; path = CGPointExtensions.swift; sourceTree = "<group>"; };
		5865BAFB2ABC6D8200B76776 /* SKPhysicsBodyExtension.swift */ = {isa = PBXFileReference; lastKnownFileType = sourcecode.swift; path = SKPhysicsBodyExtension.swift; sourceTree = "<group>"; };
		5865BAFD2ABC6F3600B76776 /* GameScene.swift */ = {isa = PBXFileReference; lastKnownFileType = sourcecode.swift; path = GameScene.swift; sourceTree = "<group>"; };
		589B29712AF0FA580020F211 /* StoreSystem.swift */ = {isa = PBXFileReference; lastKnownFileType = sourcecode.swift; path = StoreSystem.swift; sourceTree = "<group>"; };
		589B29732AF101490020F211 /* StoreView.swift */ = {isa = PBXFileReference; lastKnownFileType = sourcecode.swift; path = StoreView.swift; sourceTree = "<group>"; };
		589B29772AF13A950020F211 /* ArrayExtension.swift */ = {isa = PBXFileReference; lastKnownFileType = sourcecode.swift; path = ArrayExtension.swift; sourceTree = "<group>"; };
		589B29792AF13AB40020F211 /* Skin.swift */ = {isa = PBXFileReference; lastKnownFileType = sourcecode.swift; path = Skin.swift; sourceTree = "<group>"; };
		58F53EED2AD02D9C00F12D7B /* LevelConfig.swift */ = {isa = PBXFileReference; lastKnownFileType = sourcecode.swift; path = LevelConfig.swift; sourceTree = "<group>"; };
		58F53EF02AD02E0F00F12D7B /* GameConfiguration.swift */ = {isa = PBXFileReference; lastKnownFileType = sourcecode.swift; path = GameConfiguration.swift; sourceTree = "<group>"; };
		58F53EF32AD02E4F00F12D7B /* ContactType.swift */ = {isa = PBXFileReference; lastKnownFileType = sourcecode.swift; path = ContactType.swift; sourceTree = "<group>"; };
		58F53EF52AD02E8900F12D7B /* BitMask.swift */ = {isa = PBXFileReference; lastKnownFileType = sourcecode.swift; path = BitMask.swift; sourceTree = "<group>"; };
		84201C032AFA43C800F1DA3C /* SkinStoreView.swift */ = {isa = PBXFileReference; lastKnownFileType = sourcecode.swift; path = SkinStoreView.swift; sourceTree = "<group>"; };
		8434FFD92AFBB744000C9ECD /* NavRoutes.swift */ = {isa = PBXFileReference; lastKnownFileType = sourcecode.swift; path = NavRoutes.swift; sourceTree = "<group>"; };
		8434FFDB2AFBC736000C9ECD /* ScreenTitle.swift */ = {isa = PBXFileReference; lastKnownFileType = sourcecode.swift; path = ScreenTitle.swift; sourceTree = "<group>"; };
		8434FFDD2AFBC92D000C9ECD /* CoinLabel.swift */ = {isa = PBXFileReference; lastKnownFileType = sourcecode.swift; path = CoinLabel.swift; sourceTree = "<group>"; };
		8434FFDF2AFBD3C1000C9ECD /* UserDeafaultsExtension.swift */ = {isa = PBXFileReference; lastKnownFileType = sourcecode.swift; path = UserDeafaultsExtension.swift; sourceTree = "<group>"; };
		8434FFE12AFBD66F000C9ECD /* StartView.swift */ = {isa = PBXFileReference; lastKnownFileType = sourcecode.swift; path = StartView.swift; sourceTree = "<group>"; };
		8434FFE32AFCE6C3000C9ECD /* ColorExtension.swift */ = {isa = PBXFileReference; lastKnownFileType = sourcecode.swift; path = ColorExtension.swift; sourceTree = "<group>"; };
		8434FFE52AFD0F84000C9ECD /* PrivacyPolicyView.swift */ = {isa = PBXFileReference; lastKnownFileType = sourcecode.swift; path = PrivacyPolicyView.swift; sourceTree = "<group>"; };
		8434FFE72AFD0F9A000C9ECD /* AboutView.swift */ = {isa = PBXFileReference; lastKnownFileType = sourcecode.swift; path = AboutView.swift; sourceTree = "<group>"; };
		8434FFE92AFD1391000C9ECD /* BundleExtension.swift */ = {isa = PBXFileReference; lastKnownFileType = sourcecode.swift; path = BundleExtension.swift; sourceTree = "<group>"; };
		84BD8F5D2AF3B83C00BFDCBC /* Purchasable.swift */ = {isa = PBXFileReference; lastKnownFileType = sourcecode.swift; path = Purchasable.swift; sourceTree = "<group>"; };
		84BD8F5F2AF5003700BFDCBC /* FinishScene.swift */ = {isa = PBXFileReference; lastKnownFileType = sourcecode.swift; path = FinishScene.swift; sourceTree = "<group>"; };
		84BD8F622AF50A3200BFDCBC /* HalvarBreit-Blk.ttf */ = {isa = PBXFileReference; lastKnownFileType = file; path = "HalvarBreit-Blk.ttf"; sourceTree = "<group>"; };
		84BD8F642AF50A8300BFDCBC /* Info.plist */ = {isa = PBXFileReference; lastKnownFileType = text.plist; path = Info.plist; sourceTree = "<group>"; };
		84BD8F652AF52EB300BFDCBC /* StrokeText.swift */ = {isa = PBXFileReference; lastKnownFileType = sourcecode.swift; path = StrokeText.swift; sourceTree = "<group>"; };
		84BD8F672AF53B2700BFDCBC /* BackgroundTexture.swift */ = {isa = PBXFileReference; lastKnownFileType = sourcecode.swift; path = BackgroundTexture.swift; sourceTree = "<group>"; };
		84BD8F692AF5447200BFDCBC /* PlatformStoreView.swift */ = {isa = PBXFileReference; lastKnownFileType = sourcecode.swift; path = PlatformStoreView.swift; sourceTree = "<group>"; };
		84F2E4DD2AF26653004BEEB1 /* SkinCodable.swift */ = {isa = PBXFileReference; lastKnownFileType = sourcecode.swift; path = SkinCodable.swift; sourceTree = "<group>"; };
		84F2E4E32AF26A90004BEEB1 /* BallStoreView.swift */ = {isa = PBXFileReference; lastKnownFileType = sourcecode.swift; path = BallStoreView.swift; sourceTree = "<group>"; };
		84F2E4E52AF288A8004BEEB1 /* BackgroundStoreView.swift */ = {isa = PBXFileReference; lastKnownFileType = sourcecode.swift; path = BackgroundStoreView.swift; sourceTree = "<group>"; };
/* End PBXFileReference section */

/* Begin PBXFrameworksBuildPhase section */
		5850ED812ABC507300B53627 /* Frameworks */ = {
			isa = PBXFrameworksBuildPhase;
			buildActionMask = 2147483647;
			files = (
			);
			runOnlyForDeploymentPostprocessing = 0;
		};
/* End PBXFrameworksBuildPhase section */

/* Begin PBXGroup section */
		58000EA72AEFA177008621E3 /* View Model */ = {
			isa = PBXGroup;
			children = (
				585E20402AEFBFF30045B021 /* LevelsViewModel.swift */,
			);
			path = "View Model";
			sourceTree = "<group>";
		};
		58045C7E2ABC8D0B0004189E /* Views */ = {
			isa = PBXGroup;
			children = (
				5850ED892ABC507300B53627 /* ContentView.swift */,
				58045C812ABC8EC30004189E /* MainView.swift */,
				58000E9F2AE92794008621E3 /* LevelsView.swift */,
				58000EA12AE928EC008621E3 /* SettingsView.swift */,
				589B29732AF101490020F211 /* StoreView.swift */,
				84F2E4E32AF26A90004BEEB1 /* BallStoreView.swift */,
				84F2E4E52AF288A8004BEEB1 /* BackgroundStoreView.swift */,
				84BD8F692AF5447200BFDCBC /* PlatformStoreView.swift */,
				84201C032AFA43C800F1DA3C /* SkinStoreView.swift */,
				8434FFDB2AFBC736000C9ECD /* ScreenTitle.swift */,
				8434FFDD2AFBC92D000C9ECD /* CoinLabel.swift */,
				8434FFE12AFBD66F000C9ECD /* StartView.swift */,
				8434FFE52AFD0F84000C9ECD /* PrivacyPolicyView.swift */,
				8434FFE72AFD0F9A000C9ECD /* AboutView.swift */,
			);
			path = Views;
			sourceTree = "<group>";
		};
		5850ED7B2ABC507300B53627 = {
			isa = PBXGroup;
			children = (
				5850ED862ABC507300B53627 /* PingPong */,
				5850ED852ABC507300B53627 /* Products */,
			);
			sourceTree = "<group>";
		};
		5850ED852ABC507300B53627 /* Products */ = {
			isa = PBXGroup;
			children = (
				5850ED842ABC507300B53627 /* PingPong.app */,
			);
			name = Products;
			sourceTree = "<group>";
		};
		5850ED862ABC507300B53627 /* PingPong */ = {
			isa = PBXGroup;
			children = (
				8434FFD82AFBB734000C9ECD /* Navigat5ion */,
				84BD8F642AF50A8300BFDCBC /* Info.plist */,
				84BD8F612AF50A2000BFDCBC /* Fonts */,
				84F2E4DC2AF2663A004BEEB1 /* Protocols */,
				58000EA72AEFA177008621E3 /* View Model */,
				58F53EF22AD02E4300F12D7B /* Enums */,
				58F53EEF2AD02E0000F12D7B /* Model */,
				58045C7E2ABC8D0B0004189E /* Views */,
				5865BAFA2ABC6D6700B76776 /* Extensions */,
				5850ED872ABC507300B53627 /* PingPongApp.swift */,
				5850ED8B2ABC507500B53627 /* Assets.xcassets */,
				5850ED8D2ABC507500B53627 /* Preview Content */,
				5865BAFD2ABC6F3600B76776 /* GameScene.swift */,
				84BD8F5F2AF5003700BFDCBC /* FinishScene.swift */,
				58000E9D2AE7FD2C008621E3 /* HapticManager.swift */,
				589B29712AF0FA580020F211 /* StoreSystem.swift */,
				84BD8F652AF52EB300BFDCBC /* StrokeText.swift */,
			);
			path = PingPong;
			sourceTree = "<group>";
		};
		5850ED8D2ABC507500B53627 /* Preview Content */ = {
			isa = PBXGroup;
			children = (
				5850ED8E2ABC507500B53627 /* Preview Assets.xcassets */,
			);
			path = "Preview Content";
			sourceTree = "<group>";
		};
		5865BAFA2ABC6D6700B76776 /* Extensions */ = {
			isa = PBXGroup;
			children = (
				5862A2142ACD7208005A9720 /* CGExtensions.swift */,
				5862A2152ACD7208005A9720 /* CGPointExtensions.swift */,
				5862A2132ACD7208005A9720 /* CGVectorExtensions.swift */,
				5865BAFB2ABC6D8200B76776 /* SKPhysicsBodyExtension.swift */,
				58000EAA2AEFA4A4008621E3 /* DictionaryExtension.swift */,
				589B29772AF13A950020F211 /* ArrayExtension.swift */,
				8434FFDF2AFBD3C1000C9ECD /* UserDeafaultsExtension.swift */,
				8434FFE32AFCE6C3000C9ECD /* ColorExtension.swift */,
				8434FFE92AFD1391000C9ECD /* BundleExtension.swift */,
			);
			path = Extensions;
			sourceTree = "<group>";
		};
		58F53EEF2AD02E0000F12D7B /* Model */ = {
			isa = PBXGroup;
			children = (
				58F53EF02AD02E0F00F12D7B /* GameConfiguration.swift */,
				58F53EED2AD02D9C00F12D7B /* LevelConfig.swift */,
				589B29792AF13AB40020F211 /* Skin.swift */,
			);
			path = Model;
			sourceTree = "<group>";
		};
		58F53EF22AD02E4300F12D7B /* Enums */ = {
			isa = PBXGroup;
			children = (
				58F53EF32AD02E4F00F12D7B /* ContactType.swift */,
				58F53EF52AD02E8900F12D7B /* BitMask.swift */,
				581462072ADD9BBD00A943EA /* Position.swift */,
				581462092ADD9BD900A943EA /* BallTexture.swift */,
				5814620B2ADD9C0300A943EA /* PlatformTexture.swift */,
				5814620D2ADD9C2300A943EA /* BoostType.swift */,
				5814620F2ADD9C6500A943EA /* ObstacleType.swift */,
				84BD8F672AF53B2700BFDCBC /* BackgroundTexture.swift */,
			);
			path = Enums;
			sourceTree = "<group>";
		};
		8434FFD82AFBB734000C9ECD /* Navigat5ion */ = {
			isa = PBXGroup;
			children = (
				8434FFD92AFBB744000C9ECD /* NavRoutes.swift */,
			);
			path = Navigat5ion;
			sourceTree = "<group>";
		};
		84BD8F612AF50A2000BFDCBC /* Fonts */ = {
			isa = PBXGroup;
			children = (
				84BD8F622AF50A3200BFDCBC /* HalvarBreit-Blk.ttf */,
			);
			path = Fonts;
			sourceTree = "<group>";
		};
		84F2E4DC2AF2663A004BEEB1 /* Protocols */ = {
			isa = PBXGroup;
			children = (
				84F2E4DD2AF26653004BEEB1 /* SkinCodable.swift */,
				84BD8F5D2AF3B83C00BFDCBC /* Purchasable.swift */,
			);
			path = Protocols;
			sourceTree = "<group>";
		};
/* End PBXGroup section */

/* Begin PBXNativeTarget section */
		5850ED832ABC507300B53627 /* PingPong */ = {
			isa = PBXNativeTarget;
			buildConfigurationList = 5850ED922ABC507500B53627 /* Build configuration list for PBXNativeTarget "PingPong" */;
			buildPhases = (
				5850ED802ABC507300B53627 /* Sources */,
				5850ED812ABC507300B53627 /* Frameworks */,
				5850ED822ABC507300B53627 /* Resources */,
			);
			buildRules = (
			);
			dependencies = (
			);
			name = PingPong;
			productName = PingPong;
			productReference = 5850ED842ABC507300B53627 /* PingPong.app */;
			productType = "com.apple.product-type.application";
		};
/* End PBXNativeTarget section */

/* Begin PBXProject section */
		5850ED7C2ABC507300B53627 /* Project object */ = {
			isa = PBXProject;
			attributes = {
				BuildIndependentTargetsInParallel = 1;
				LastSwiftUpdateCheck = 1430;
				LastUpgradeCheck = 1430;
				TargetAttributes = {
					5850ED832ABC507300B53627 = {
						CreatedOnToolsVersion = 14.3.1;
					};
				};
			};
			buildConfigurationList = 5850ED7F2ABC507300B53627 /* Build configuration list for PBXProject "PingPong" */;
			compatibilityVersion = "Xcode 14.0";
			developmentRegion = en;
			hasScannedForEncodings = 0;
			knownRegions = (
				en,
				Base,
			);
			mainGroup = 5850ED7B2ABC507300B53627;
			productRefGroup = 5850ED852ABC507300B53627 /* Products */;
			projectDirPath = "";
			projectRoot = "";
			targets = (
				5850ED832ABC507300B53627 /* PingPong */,
			);
		};
/* End PBXProject section */

/* Begin PBXResourcesBuildPhase section */
		5850ED822ABC507300B53627 /* Resources */ = {
			isa = PBXResourcesBuildPhase;
			buildActionMask = 2147483647;
			files = (
				84BD8F632AF50A3200BFDCBC /* HalvarBreit-Blk.ttf in Resources */,
				5850ED8F2ABC507500B53627 /* Preview Assets.xcassets in Resources */,
				5850ED8C2ABC507500B53627 /* Assets.xcassets in Resources */,
			);
			runOnlyForDeploymentPostprocessing = 0;
		};
/* End PBXResourcesBuildPhase section */

/* Begin PBXSourcesBuildPhase section */
		5850ED802ABC507300B53627 /* Sources */ = {
			isa = PBXSourcesBuildPhase;
			buildActionMask = 2147483647;
			files = (
				589B29782AF13A950020F211 /* ArrayExtension.swift in Sources */,
				84BD8F6A2AF5447200BFDCBC /* PlatformStoreView.swift in Sources */,
				5850ED8A2ABC507300B53627 /* ContentView.swift in Sources */,
				581462102ADD9C6500A943EA /* ObstacleType.swift in Sources */,
				589B297A2AF13AB40020F211 /* Skin.swift in Sources */,
				5865BAFC2ABC6D8200B76776 /* SKPhysicsBodyExtension.swift in Sources */,
				5862A2162ACD7208005A9720 /* CGVectorExtensions.swift in Sources */,
				58000EAB2AEFA4A4008621E3 /* DictionaryExtension.swift in Sources */,
				84201C042AFA43C800F1DA3C /* SkinStoreView.swift in Sources */,
				5814620E2ADD9C2300A943EA /* BoostType.swift in Sources */,
				84BD8F662AF52EB300BFDCBC /* StrokeText.swift in Sources */,
				8434FFE02AFBD3C1000C9ECD /* UserDeafaultsExtension.swift in Sources */,
				84BD8F5E2AF3B83C00BFDCBC /* Purchasable.swift in Sources */,
				8434FFE22AFBD66F000C9ECD /* StartView.swift in Sources */,
				8434FFDC2AFBC736000C9ECD /* ScreenTitle.swift in Sources */,
				8434FFE62AFD0F84000C9ECD /* PrivacyPolicyView.swift in Sources */,
				58000EA22AE928EC008621E3 /* SettingsView.swift in Sources */,
				8434FFDA2AFBB744000C9ECD /* NavRoutes.swift in Sources */,
				585E20412AEFBFF30045B021 /* LevelsViewModel.swift in Sources */,
				58F53EF62AD02E8900F12D7B /* BitMask.swift in Sources */,
				84F2E4E42AF26A90004BEEB1 /* BallStoreView.swift in Sources */,
				84BD8F682AF53B2700BFDCBC /* BackgroundTexture.swift in Sources */,
				8434FFE42AFCE6C3000C9ECD /* ColorExtension.swift in Sources */,
				5865BAFE2ABC6F3600B76776 /* GameScene.swift in Sources */,
				589B29742AF101490020F211 /* StoreView.swift in Sources */,
				84BD8F602AF5003700BFDCBC /* FinishScene.swift in Sources */,
				58045C822ABC8EC30004189E /* MainView.swift in Sources */,
				5814620A2ADD9BD900A943EA /* BallTexture.swift in Sources */,
				58F53EEE2AD02D9C00F12D7B /* LevelConfig.swift in Sources */,
				58000EA02AE92794008621E3 /* LevelsView.swift in Sources */,
				581462082ADD9BBD00A943EA /* Position.swift in Sources */,
				589B29722AF0FA590020F211 /* StoreSystem.swift in Sources */,
				5862A2172ACD7208005A9720 /* CGExtensions.swift in Sources */,
				5814620C2ADD9C0300A943EA /* PlatformTexture.swift in Sources */,
				58F53EF42AD02E4F00F12D7B /* ContactType.swift in Sources */,
				84F2E4E62AF288A8004BEEB1 /* BackgroundStoreView.swift in Sources */,
				84F2E4DE2AF26653004BEEB1 /* SkinCodable.swift in Sources */,
				8434FFE82AFD0F9A000C9ECD /* AboutView.swift in Sources */,
				5862A2182ACD7208005A9720 /* CGPointExtensions.swift in Sources */,
				58F53EF12AD02E0F00F12D7B /* GameConfiguration.swift in Sources */,
				8434FFDE2AFBC92D000C9ECD /* CoinLabel.swift in Sources */,
				58000E9E2AE7FD2C008621E3 /* HapticManager.swift in Sources */,
				5850ED882ABC507300B53627 /* PingPongApp.swift in Sources */,
				8434FFEA2AFD1391000C9ECD /* BundleExtension.swift in Sources */,
			);
			runOnlyForDeploymentPostprocessing = 0;
		};
/* End PBXSourcesBuildPhase section */

/* Begin XCBuildConfiguration section */
		5850ED902ABC507500B53627 /* Debug */ = {
			isa = XCBuildConfiguration;
			buildSettings = {
				ALWAYS_SEARCH_USER_PATHS = NO;
				CLANG_ANALYZER_NONNULL = YES;
				CLANG_ANALYZER_NUMBER_OBJECT_CONVERSION = YES_AGGRESSIVE;
				CLANG_CXX_LANGUAGE_STANDARD = "gnu++20";
				CLANG_ENABLE_MODULES = YES;
				CLANG_ENABLE_OBJC_ARC = YES;
				CLANG_ENABLE_OBJC_WEAK = YES;
				CLANG_WARN_BLOCK_CAPTURE_AUTORELEASING = YES;
				CLANG_WARN_BOOL_CONVERSION = YES;
				CLANG_WARN_COMMA = YES;
				CLANG_WARN_CONSTANT_CONVERSION = YES;
				CLANG_WARN_DEPRECATED_OBJC_IMPLEMENTATIONS = YES;
				CLANG_WARN_DIRECT_OBJC_ISA_USAGE = YES_ERROR;
				CLANG_WARN_DOCUMENTATION_COMMENTS = YES;
				CLANG_WARN_EMPTY_BODY = YES;
				CLANG_WARN_ENUM_CONVERSION = YES;
				CLANG_WARN_INFINITE_RECURSION = YES;
				CLANG_WARN_INT_CONVERSION = YES;
				CLANG_WARN_NON_LITERAL_NULL_CONVERSION = YES;
				CLANG_WARN_OBJC_IMPLICIT_RETAIN_SELF = YES;
				CLANG_WARN_OBJC_LITERAL_CONVERSION = YES;
				CLANG_WARN_OBJC_ROOT_CLASS = YES_ERROR;
				CLANG_WARN_QUOTED_INCLUDE_IN_FRAMEWORK_HEADER = YES;
				CLANG_WARN_RANGE_LOOP_ANALYSIS = YES;
				CLANG_WARN_STRICT_PROTOTYPES = YES;
				CLANG_WARN_SUSPICIOUS_MOVE = YES;
				CLANG_WARN_UNGUARDED_AVAILABILITY = YES_AGGRESSIVE;
				CLANG_WARN_UNREACHABLE_CODE = YES;
				CLANG_WARN__DUPLICATE_METHOD_MATCH = YES;
				COPY_PHASE_STRIP = NO;
				DEBUG_INFORMATION_FORMAT = dwarf;
				ENABLE_STRICT_OBJC_MSGSEND = YES;
				ENABLE_TESTABILITY = YES;
				GCC_C_LANGUAGE_STANDARD = gnu11;
				GCC_DYNAMIC_NO_PIC = NO;
				GCC_NO_COMMON_BLOCKS = YES;
				GCC_OPTIMIZATION_LEVEL = 0;
				GCC_PREPROCESSOR_DEFINITIONS = (
					"DEBUG=1",
					"$(inherited)",
				);
				GCC_WARN_64_TO_32_BIT_CONVERSION = YES;
				GCC_WARN_ABOUT_RETURN_TYPE = YES_ERROR;
				GCC_WARN_UNDECLARED_SELECTOR = YES;
				GCC_WARN_UNINITIALIZED_AUTOS = YES_AGGRESSIVE;
				GCC_WARN_UNUSED_FUNCTION = YES;
				GCC_WARN_UNUSED_VARIABLE = YES;
				IPHONEOS_DEPLOYMENT_TARGET = 15.0;
				MTL_ENABLE_DEBUG_INFO = INCLUDE_SOURCE;
				MTL_FAST_MATH = YES;
				ONLY_ACTIVE_ARCH = YES;
				SDKROOT = iphoneos;
				SWIFT_ACTIVE_COMPILATION_CONDITIONS = DEBUG;
				SWIFT_OPTIMIZATION_LEVEL = "-Onone";
			};
			name = Debug;
		};
		5850ED912ABC507500B53627 /* Release */ = {
			isa = XCBuildConfiguration;
			buildSettings = {
				ALWAYS_SEARCH_USER_PATHS = NO;
				CLANG_ANALYZER_NONNULL = YES;
				CLANG_ANALYZER_NUMBER_OBJECT_CONVERSION = YES_AGGRESSIVE;
				CLANG_CXX_LANGUAGE_STANDARD = "gnu++20";
				CLANG_ENABLE_MODULES = YES;
				CLANG_ENABLE_OBJC_ARC = YES;
				CLANG_ENABLE_OBJC_WEAK = YES;
				CLANG_WARN_BLOCK_CAPTURE_AUTORELEASING = YES;
				CLANG_WARN_BOOL_CONVERSION = YES;
				CLANG_WARN_COMMA = YES;
				CLANG_WARN_CONSTANT_CONVERSION = YES;
				CLANG_WARN_DEPRECATED_OBJC_IMPLEMENTATIONS = YES;
				CLANG_WARN_DIRECT_OBJC_ISA_USAGE = YES_ERROR;
				CLANG_WARN_DOCUMENTATION_COMMENTS = YES;
				CLANG_WARN_EMPTY_BODY = YES;
				CLANG_WARN_ENUM_CONVERSION = YES;
				CLANG_WARN_INFINITE_RECURSION = YES;
				CLANG_WARN_INT_CONVERSION = YES;
				CLANG_WARN_NON_LITERAL_NULL_CONVERSION = YES;
				CLANG_WARN_OBJC_IMPLICIT_RETAIN_SELF = YES;
				CLANG_WARN_OBJC_LITERAL_CONVERSION = YES;
				CLANG_WARN_OBJC_ROOT_CLASS = YES_ERROR;
				CLANG_WARN_QUOTED_INCLUDE_IN_FRAMEWORK_HEADER = YES;
				CLANG_WARN_RANGE_LOOP_ANALYSIS = YES;
				CLANG_WARN_STRICT_PROTOTYPES = YES;
				CLANG_WARN_SUSPICIOUS_MOVE = YES;
				CLANG_WARN_UNGUARDED_AVAILABILITY = YES_AGGRESSIVE;
				CLANG_WARN_UNREACHABLE_CODE = YES;
				CLANG_WARN__DUPLICATE_METHOD_MATCH = YES;
				COPY_PHASE_STRIP = NO;
				DEBUG_INFORMATION_FORMAT = "dwarf-with-dsym";
				ENABLE_NS_ASSERTIONS = NO;
				ENABLE_STRICT_OBJC_MSGSEND = YES;
				GCC_C_LANGUAGE_STANDARD = gnu11;
				GCC_NO_COMMON_BLOCKS = YES;
				GCC_WARN_64_TO_32_BIT_CONVERSION = YES;
				GCC_WARN_ABOUT_RETURN_TYPE = YES_ERROR;
				GCC_WARN_UNDECLARED_SELECTOR = YES;
				GCC_WARN_UNINITIALIZED_AUTOS = YES_AGGRESSIVE;
				GCC_WARN_UNUSED_FUNCTION = YES;
				GCC_WARN_UNUSED_VARIABLE = YES;
				IPHONEOS_DEPLOYMENT_TARGET = 15.0;
				MTL_ENABLE_DEBUG_INFO = NO;
				MTL_FAST_MATH = YES;
				SDKROOT = iphoneos;
				SWIFT_COMPILATION_MODE = wholemodule;
				SWIFT_OPTIMIZATION_LEVEL = "-O";
				VALIDATE_PRODUCT = YES;
			};
			name = Release;
		};
		5850ED932ABC507500B53627 /* Debug */ = {
			isa = XCBuildConfiguration;
			buildSettings = {
				ASSETCATALOG_COMPILER_APPICON_NAME = AppIcon;
				ASSETCATALOG_COMPILER_GLOBAL_ACCENT_COLOR_NAME = AccentColor;
				CODE_SIGN_STYLE = Automatic;
				CURRENT_PROJECT_VERSION = 1;
				DEVELOPMENT_ASSET_PATHS = "\"PingPong/Preview Content\"";
				DEVELOPMENT_TEAM = L6QNYLXV8A;
				ENABLE_PREVIEWS = YES;
				GENERATE_INFOPLIST_FILE = YES;
				INFOPLIST_FILE = PingPong/Info.plist;
				INFOPLIST_KEY_CFBundleDisplayName = PingPong;
				INFOPLIST_KEY_UIApplicationSceneManifest_Generation = YES;
				INFOPLIST_KEY_UIApplicationSupportsIndirectInputEvents = YES;
				INFOPLIST_KEY_UILaunchScreen_Generation = YES;
				INFOPLIST_KEY_UISupportedInterfaceOrientations_iPad = "UIInterfaceOrientationPortrait UIInterfaceOrientationPortraitUpsideDown UIInterfaceOrientationLandscapeLeft UIInterfaceOrientationLandscapeRight";
				INFOPLIST_KEY_UISupportedInterfaceOrientations_iPhone = "UIInterfaceOrientationPortrait UIInterfaceOrientationLandscapeLeft UIInterfaceOrientationLandscapeRight";
				LD_RUNPATH_SEARCH_PATHS = (
					"$(inherited)",
					"@executable_path/Frameworks",
				);
				MARKETING_VERSION = 1.0;
				PRODUCT_BUNDLE_IDENTIFIER = com.mnats.PingPong;
				PRODUCT_NAME = "$(TARGET_NAME)";
				SWIFT_EMIT_LOC_STRINGS = YES;
				SWIFT_VERSION = 5.0;
				TARGETED_DEVICE_FAMILY = "1,2";
			};
			name = Debug;
		};
		5850ED942ABC507500B53627 /* Release */ = {
			isa = XCBuildConfiguration;
			buildSettings = {
				ASSETCATALOG_COMPILER_APPICON_NAME = AppIcon;
				ASSETCATALOG_COMPILER_GLOBAL_ACCENT_COLOR_NAME = AccentColor;
				CODE_SIGN_STYLE = Automatic;
				CURRENT_PROJECT_VERSION = 1;
				DEVELOPMENT_ASSET_PATHS = "\"PingPong/Preview Content\"";
				DEVELOPMENT_TEAM = L6QNYLXV8A;
				ENABLE_PREVIEWS = YES;
				GENERATE_INFOPLIST_FILE = YES;
				INFOPLIST_FILE = PingPong/Info.plist;
				INFOPLIST_KEY_CFBundleDisplayName = PingPong;
				INFOPLIST_KEY_UIApplicationSceneManifest_Generation = YES;
				INFOPLIST_KEY_UIApplicationSupportsIndirectInputEvents = YES;
				INFOPLIST_KEY_UILaunchScreen_Generation = YES;
				INFOPLIST_KEY_UISupportedInterfaceOrientations_iPad = "UIInterfaceOrientationPortrait UIInterfaceOrientationPortraitUpsideDown UIInterfaceOrientationLandscapeLeft UIInterfaceOrientationLandscapeRight";
				INFOPLIST_KEY_UISupportedInterfaceOrientations_iPhone = "UIInterfaceOrientationPortrait UIInterfaceOrientationLandscapeLeft UIInterfaceOrientationLandscapeRight";
				LD_RUNPATH_SEARCH_PATHS = (
					"$(inherited)",
					"@executable_path/Frameworks",
				);
				MARKETING_VERSION = 1.0;
				PRODUCT_BUNDLE_IDENTIFIER = com.mnats.PingPong;
				PRODUCT_NAME = "$(TARGET_NAME)";
				SWIFT_EMIT_LOC_STRINGS = YES;
				SWIFT_VERSION = 5.0;
				TARGETED_DEVICE_FAMILY = "1,2";
			};
			name = Release;
		};
/* End XCBuildConfiguration section */

/* Begin XCConfigurationList section */
		5850ED7F2ABC507300B53627 /* Build configuration list for PBXProject "PingPong" */ = {
			isa = XCConfigurationList;
			buildConfigurations = (
				5850ED902ABC507500B53627 /* Debug */,
				5850ED912ABC507500B53627 /* Release */,
			);
			defaultConfigurationIsVisible = 0;
			defaultConfigurationName = Release;
		};
		5850ED922ABC507500B53627 /* Build configuration list for PBXNativeTarget "PingPong" */ = {
			isa = XCConfigurationList;
			buildConfigurations = (
				5850ED932ABC507500B53627 /* Debug */,
				5850ED942ABC507500B53627 /* Release */,
			);
			defaultConfigurationIsVisible = 0;
			defaultConfigurationName = Release;
		};
/* End XCConfigurationList section */
	};
	rootObject = 5850ED7C2ABC507300B53627 /* Project object */;
}
